
Microsoft Visual Studio Solution File, Format Version 12.00
# Visual Studio Version 17
VisualStudioVersion = 17.5.33627.172
MinimumVisualStudioVersion = 10.0.40219.1
Project("{FAE04EC0-301F-11D3-BF4B-00C04F79EFBC}") = "PasswordChecker", "PasswordChecker\PasswordChecker.csproj", "{C5DDA217-96A6-4791-81EB-5612FD1067AF}"
EndProject
Project("{FAE04EC0-301F-11D3-BF4B-00C04F79EFBC}") = "PasswordChecker.Tests", "PasswordChecker.Tests\PasswordChecker.Tests.csproj", "{2AEC9C86-8BB5-43FA-8569-0A1C0ABC5880}"
EndProject
Global
	GlobalSection(SolutionConfigurationPlatforms) = preSolution
		Debug|Any CPU = Debug|Any CPU
		Release|Any CPU = Release|Any CPU
	EndGlobalSection
	GlobalSection(ProjectConfigurationPlatforms) = postSolution
		{C5DDA217-96A6-4791-81EB-5612FD1067AF}.Debug|Any CPU.ActiveCfg = Debug|Any CPU
		{C5DDA217-96A6-4791-81EB-5612FD1067AF}.Debug|Any CPU.Build.0 = Debug|Any CPU
		{C5DDA217-96A6-4791-81EB-5612FD1067AF}.Release|Any CPU.ActiveCfg = Release|Any CPU
		{C5DDA217-96A6-4791-81EB-5612FD1067AF}.Release|Any CPU.Build.0 = Release|Any CPU
		{2AEC9C86-8BB5-43FA-8569-0A1C0ABC5880}.Debug|Any CPU.ActiveCfg = Debug|Any CPU
		{2AEC9C86-8BB5-43FA-8569-0A1C0ABC5880}.Debug|Any CPU.Build.0 = Debug|Any CPU
		{2AEC9C86-8BB5-43FA-8569-0A1C0ABC5880}.Release|Any CPU.ActiveCfg = Release|Any CPU
		{2AEC9C86-8BB5-43FA-8569-0A1C0ABC5880}.Release|Any CPU.Build.0 = Release|Any CPU
	EndGlobalSection
	GlobalSection(SolutionProperties) = preSolution
		HideSolutionNode = FALSE
	EndGlobalSection
	GlobalSection(ExtensibilityGlobals) = postSolution
		SolutionGuid = {11EFC8D4-F358-4CF7-BE4D-726FEFB6663A}
	EndGlobalSection
EndGlobal
